
Microsoft Visual Studio Solution File, Format Version 12.00
Project("{FAE04EC0-301F-11D3-BF4B-00C04F79EFBC}") = "PrimeiroProjeto", "PrimeiroProjeto\PrimeiroProjeto.csproj", "{594BF428-2A2B-48E7-AF82-0CC3C6453EE4}"
EndProject
Project("{FAE04EC0-301F-11D3-BF4B-00C04F79EFBC}") = "PrimeiroJogo", "PrimeiroJogo\PrimeiroJogo.csproj", "{7EAA8645-7D80-413F-BB54-AFBE30AFBAD9}"
EndProject
Project("{FAE04EC0-301F-11D3-BF4B-00C04F79EFBC}") = "LacoRepeticao", "LacoRepeticao\LacoRepeticao.csproj", "{009464AA-9F9D-4C76-AE7D-12AF78863423}"
EndProject
Project("{FAE04EC0-301F-11D3-BF4B-00C04F79EFBC}") = "ManipulacaoLista", "ManipulacaoLista\ManipulacaoLista.csproj", "{36DBB516-5B94-4C4B-B0FA-191DB439EA6D}"
EndProject
Global
	GlobalSection(SolutionConfigurationPlatforms) = preSolution
		Debug|Any CPU = Debug|Any CPU
		Release|Any CPU = Release|Any CPU
	EndGlobalSection
	GlobalSection(ProjectConfigurationPlatforms) = postSolution
		{594BF428-2A2B-48E7-AF82-0CC3C6453EE4}.Debug|Any CPU.ActiveCfg = Debug|Any CPU
		{594BF428-2A2B-48E7-AF82-0CC3C6453EE4}.Debug|Any CPU.Build.0 = Debug|Any CPU
		{594BF428-2A2B-48E7-AF82-0CC3C6453EE4}.Release|Any CPU.ActiveCfg = Release|Any CPU
		{594BF428-2A2B-48E7-AF82-0CC3C6453EE4}.Release|Any CPU.Build.0 = Release|Any CPU
		{7EAA8645-7D80-413F-BB54-AFBE30AFBAD9}.Debug|Any CPU.ActiveCfg = Debug|Any CPU
		{7EAA8645-7D80-413F-BB54-AFBE30AFBAD9}.Debug|Any CPU.Build.0 = Debug|Any CPU
		{7EAA8645-7D80-413F-BB54-AFBE30AFBAD9}.Release|Any CPU.ActiveCfg = Release|Any CPU
		{7EAA8645-7D80-413F-BB54-AFBE30AFBAD9}.Release|Any CPU.Build.0 = Release|Any CPU
		{009464AA-9F9D-4C76-AE7D-12AF78863423}.Debug|Any CPU.ActiveCfg = Debug|Any CPU
		{009464AA-9F9D-4C76-AE7D-12AF78863423}.Debug|Any CPU.Build.0 = Debug|Any CPU
		{009464AA-9F9D-4C76-AE7D-12AF78863423}.Release|Any CPU.ActiveCfg = Release|Any CPU
		{009464AA-9F9D-4C76-AE7D-12AF78863423}.Release|Any CPU.Build.0 = Release|Any CPU
		{36DBB516-5B94-4C4B-B0FA-191DB439EA6D}.Debug|Any CPU.ActiveCfg = Debug|Any CPU
		{36DBB516-5B94-4C4B-B0FA-191DB439EA6D}.Debug|Any CPU.Build.0 = Debug|Any CPU
		{36DBB516-5B94-4C4B-B0FA-191DB439EA6D}.Release|Any CPU.ActiveCfg = Release|Any CPU
		{36DBB516-5B94-4C4B-B0FA-191DB439EA6D}.Release|Any CPU.Build.0 = Release|Any CPU
	EndGlobalSection
EndGlobal
